// !$*UTF8*$!
{
	archiveVersion = 1;
	classes = {
	};
	objectVersion = 50;
	objects = {

/* Begin PBXBuildFile section */
		22A7940E243E3AA1004E90B8 /* AppDelegate.swift in Sources */ = {isa = PBXBuildFile; fileRef = 22A7940D243E3AA1004E90B8 /* AppDelegate.swift */; };
		22A79410243E3AA1004E90B8 /* SceneDelegate.swift in Sources */ = {isa = PBXBuildFile; fileRef = 22A7940F243E3AA1004E90B8 /* SceneDelegate.swift */; };
		22A79415243E3AA1004E90B8 /* Main.storyboard in Resources */ = {isa = PBXBuildFile; fileRef = 22A79413243E3AA1004E90B8 /* Main.storyboard */; };
		22A79417243E3AAB004E90B8 /* Assets.xcassets in Resources */ = {isa = PBXBuildFile; fileRef = 22A79416243E3AAB004E90B8 /* Assets.xcassets */; };
		22A7941A243E3AAB004E90B8 /* LaunchScreen.storyboard in Resources */ = {isa = PBXBuildFile; fileRef = 22A79418243E3AAB004E90B8 /* LaunchScreen.storyboard */; };
		22A79422243E3B12004E90B8 /* HomeViewController.swift in Sources */ = {isa = PBXBuildFile; fileRef = 22A79421243E3B12004E90B8 /* HomeViewController.swift */; };
		22A79424243E3CF8004E90B8 /* LoginViewController.swift in Sources */ = {isa = PBXBuildFile; fileRef = 22A79423243E3CF8004E90B8 /* LoginViewController.swift */; };
		22A79426243E3D04004E90B8 /* RegisterViewController.swift in Sources */ = {isa = PBXBuildFile; fileRef = 22A79425243E3D04004E90B8 /* RegisterViewController.swift */; };
		22A79428243E3F02004E90B8 /* User.swift in Sources */ = {isa = PBXBuildFile; fileRef = 22A79427243E3F02004E90B8 /* User.swift */; };
		22A7942A243E3FBA004E90B8 /* AuthenticationVM.swift in Sources */ = {isa = PBXBuildFile; fileRef = 22A79429243E3FBA004E90B8 /* AuthenticationVM.swift */; };
/* End PBXBuildFile section */

/* Begin PBXFileReference section */
		22A7940A243E3AA1004E90B8 /* BookManagement.app */ = {isa = PBXFileReference; explicitFileType = wrapper.application; includeInIndex = 0; path = BookManagement.app; sourceTree = BUILT_PRODUCTS_DIR; };
		22A7940D243E3AA1004E90B8 /* AppDelegate.swift */ = {isa = PBXFileReference; lastKnownFileType = sourcecode.swift; path = AppDelegate.swift; sourceTree = "<group>"; };
		22A7940F243E3AA1004E90B8 /* SceneDelegate.swift */ = {isa = PBXFileReference; lastKnownFileType = sourcecode.swift; path = SceneDelegate.swift; sourceTree = "<group>"; };
		22A79414243E3AA1004E90B8 /* Base */ = {isa = PBXFileReference; lastKnownFileType = file.storyboard; name = Base; path = Base.lproj/Main.storyboard; sourceTree = "<group>"; };
		22A79416243E3AAB004E90B8 /* Assets.xcassets */ = {isa = PBXFileReference; lastKnownFileType = folder.assetcatalog; path = Assets.xcassets; sourceTree = "<group>"; };
		22A79419243E3AAB004E90B8 /* Base */ = {isa = PBXFileReference; lastKnownFileType = file.storyboard; name = Base; path = Base.lproj/LaunchScreen.storyboard; sourceTree = "<group>"; };
		22A7941B243E3AAB004E90B8 /* Info.plist */ = {isa = PBXFileReference; lastKnownFileType = text.plist.xml; path = Info.plist; sourceTree = "<group>"; };
		22A79421243E3B12004E90B8 /* HomeViewController.swift */ = {isa = PBXFileReference; lastKnownFileType = sourcecode.swift; path = HomeViewController.swift; sourceTree = "<group>"; };
		22A79423243E3CF8004E90B8 /* LoginViewController.swift */ = {isa = PBXFileReference; lastKnownFileType = sourcecode.swift; path = LoginViewController.swift; sourceTree = "<group>"; };
		22A79425243E3D04004E90B8 /* RegisterViewController.swift */ = {isa = PBXFileReference; lastKnownFileType = sourcecode.swift; path = RegisterViewController.swift; sourceTree = "<group>"; };
		22A79427243E3F02004E90B8 /* User.swift */ = {isa = PBXFileReference; lastKnownFileType = sourcecode.swift; path = User.swift; sourceTree = "<group>"; };
		22A79429243E3FBA004E90B8 /* AuthenticationVM.swift */ = {isa = PBXFileReference; lastKnownFileType = sourcecode.swift; path = AuthenticationVM.swift; sourceTree = "<group>"; };
/* End PBXFileReference section */

/* Begin PBXFrameworksBuildPhase section */
		22A79407243E3AA0004E90B8 /* Frameworks */ = {
			isa = PBXFrameworksBuildPhase;
			buildActionMask = 2147483647;
			files = (
			);
			runOnlyForDeploymentPostprocessing = 0;
		};
/* End PBXFrameworksBuildPhase section */

/* Begin PBXGroup section */
		22A79401243E3AA0004E90B8 = {
			isa = PBXGroup;
			children = (
				22A7940C243E3AA1004E90B8 /* BookManagement */,
				22A7940B243E3AA1004E90B8 /* Products */,
			);
			sourceTree = "<group>";
		};
		22A7940B243E3AA1004E90B8 /* Products */ = {
			isa = PBXGroup;
			children = (
				22A7940A243E3AA1004E90B8 /* BookManagement.app */,
			);
			name = Products;
			sourceTree = "<group>";
		};
		22A7940C243E3AA1004E90B8 /* BookManagement */ = {
			isa = PBXGroup;
			children = (
				22A7940D243E3AA1004E90B8 /* AppDelegate.swift */,
				22A7940F243E3AA1004E90B8 /* SceneDelegate.swift */,
				22A79421243E3B12004E90B8 /* HomeViewController.swift */,
				22A79423243E3CF8004E90B8 /* LoginViewController.swift */,
				22A79427243E3F02004E90B8 /* User.swift */,
				22A79429243E3FBA004E90B8 /* AuthenticationVM.swift */,
				22A79425243E3D04004E90B8 /* RegisterViewController.swift */,
				22A79413243E3AA1004E90B8 /* Main.storyboard */,
				22A79416243E3AAB004E90B8 /* Assets.xcassets */,
				22A79418243E3AAB004E90B8 /* LaunchScreen.storyboard */,
				22A7941B243E3AAB004E90B8 /* Info.plist */,
			);
			path = BookManagement;
			sourceTree = "<group>";
		};
/* End PBXGroup section */

/* Begin PBXNativeTarget section */
		22A79409243E3AA0004E90B8 /* BookManagement */ = {
			isa = PBXNativeTarget;
			buildConfigurationList = 22A7941E243E3AAB004E90B8 /* Build configuration list for PBXNativeTarget "BookManagement" */;
			buildPhases = (
				22A79406243E3AA0004E90B8 /* Sources */,
				22A79407243E3AA0004E90B8 /* Frameworks */,
				22A79408243E3AA0004E90B8 /* Resources */,
			);
			buildRules = (
			);
			dependencies = (
			);
			name = BookManagement;
			productName = BookManagement;
			productReference = 22A7940A243E3AA1004E90B8 /* BookManagement.app */;
			productType = "com.apple.product-type.application";
		};
/* End PBXNativeTarget section */

/* Begin PBXProject section */
		22A79402243E3AA0004E90B8 /* Project object */ = {
			isa = PBXProject;
			attributes = {
				LastSwiftUpdateCheck = 1130;
				LastUpgradeCheck = 1130;
				ORGANIZATIONNAME = Prasad;
				TargetAttributes = {
					22A79409243E3AA0004E90B8 = {
						CreatedOnToolsVersion = 11.3.1;
					};
				};
			};
			buildConfigurationList = 22A79405243E3AA0004E90B8 /* Build configuration list for PBXProject "BookManagement" */;
			compatibilityVersion = "Xcode 9.3";
			developmentRegion = en;
			hasScannedForEncodings = 0;
			knownRegions = (
				en,
				Base,
			);
			mainGroup = 22A79401243E3AA0004E90B8;
			productRefGroup = 22A7940B243E3AA1004E90B8 /* Products */;
			projectDirPath = "";
			projectRoot = "";
			targets = (
				22A79409243E3AA0004E90B8 /* BookManagement */,
			);
		};
/* End PBXProject section */

/* Begin PBXResourcesBuildPhase section */
		22A79408243E3AA0004E90B8 /* Resources */ = {
			isa = PBXResourcesBuildPhase;
			buildActionMask = 2147483647;
			files = (
				22A7941A243E3AAB004E90B8 /* LaunchScreen.storyboard in Resources */,
				22A79417243E3AAB004E90B8 /* Assets.xcassets in Resources */,
				22A79415243E3AA1004E90B8 /* Main.storyboard in Resources */,
			);
			runOnlyForDeploymentPostprocessing = 0;
		};
/* End PBXResourcesBuildPhase section */

/* Begin PBXSourcesBuildPhase section */
		22A79406243E3AA0004E90B8 /* Sources */ = {
			isa = PBXSourcesBuildPhase;
			buildActionMask = 2147483647;
			files = (
				22A79424243E3CF8004E90B8 /* LoginViewController.swift in Sources */,
				22A79426243E3D04004E90B8 /* RegisterViewController.swift in Sources */,
				22A79428243E3F02004E90B8 /* User.swift in Sources */,
				22A7942A243E3FBA004E90B8 /* AuthenticationVM.swift in Sources */,
				22A7940E243E3AA1004E90B8 /* AppDelegate.swift in Sources */,
				22A79410243E3AA1004E90B8 /* SceneDelegate.swift in Sources */,
				22A79422243E3B12004E90B8 /* HomeViewController.swift in Sources */,
			);
			runOnlyForDeploymentPostprocessing = 0;
		};
/* End PBXSourcesBuildPhase section */

/* Begin PBXVariantGroup section */
		22A79413243E3AA1004E90B8 /* Main.storyboard */ = {
			isa = PBXVariantGroup;
			children = (
				22A79414243E3AA1004E90B8 /* Base */,
			);
			name = Main.storyboard;
			sourceTree = "<group>";
		};
		22A79418243E3AAB004E90B8 /* LaunchScreen.storyboard */ = {
			isa = PBXVariantGroup;
			children = (
				22A79419243E3AAB004E90B8 /* Base */,
			);
			name = LaunchScreen.storyboard;
			sourceTree = "<group>";
		};
/* End PBXVariantGroup section */

/* Begin XCBuildConfiguration section */
		22A7941C243E3AAB004E90B8 /* Debug */ = {
			isa = XCBuildConfiguration;
			buildSettings = {
				ALWAYS_SEARCH_USER_PATHS = NO;
				CLANG_ANALYZER_NONNULL = YES;
				CLANG_ANALYZER_NUMBER_OBJECT_CONVERSION = YES_AGGRESSIVE;
				CLANG_CXX_LANGUAGE_STANDARD = "gnu++14";
				CLANG_CXX_LIBRARY = "libc++";
				CLANG_ENABLE_MODULES = YES;
				CLANG_ENABLE_OBJC_ARC = YES;
				CLANG_ENABLE_OBJC_WEAK = YES;
				CLANG_WARN_BLOCK_CAPTURE_AUTORELEASING = YES;
				CLANG_WARN_BOOL_CONVERSION = YES;
				CLANG_WARN_COMMA = YES;
				CLANG_WARN_CONSTANT_CONVERSION = YES;
				CLANG_WARN_DEPRECATED_OBJC_IMPLEMENTATIONS = YES;
				CLANG_WARN_DIRECT_OBJC_ISA_USAGE = YES_ERROR;
				CLANG_WARN_DOCUMENTATION_COMMENTS = YES;
				CLANG_WARN_EMPTY_BODY = YES;
				CLANG_WARN_ENUM_CONVERSION = YES;
				CLANG_WARN_INFINITE_RECURSION = YES;
				CLANG_WARN_INT_CONVERSION = YES;
				CLANG_WARN_NON_LITERAL_NULL_CONVERSION = YES;
				CLANG_WARN_OBJC_IMPLICIT_RETAIN_SELF = YES;
				CLANG_WARN_OBJC_LITERAL_CONVERSION = YES;
				CLANG_WARN_OBJC_ROOT_CLASS = YES_ERROR;
				CLANG_WARN_RANGE_LOOP_ANALYSIS = YES;
				CLANG_WARN_STRICT_PROTOTYPES = YES;
				CLANG_WARN_SUSPICIOUS_MOVE = YES;
				CLANG_WARN_UNGUARDED_AVAILABILITY = YES_AGGRESSIVE;
				CLANG_WARN_UNREACHABLE_CODE = YES;
				CLANG_WARN__DUPLICATE_METHOD_MATCH = YES;
				COPY_PHASE_STRIP = NO;
				DEBUG_INFORMATION_FORMAT = dwarf;
				ENABLE_STRICT_OBJC_MSGSEND = YES;
				ENABLE_TESTABILITY = YES;
				GCC_C_LANGUAGE_STANDARD = gnu11;
				GCC_DYNAMIC_NO_PIC = NO;
				GCC_NO_COMMON_BLOCKS = YES;
				GCC_OPTIMIZATION_LEVEL = 0;
				GCC_PREPROCESSOR_DEFINITIONS = (
					"DEBUG=1",
					"$(inherited)",
				);
				GCC_WARN_64_TO_32_BIT_CONVERSION = YES;
				GCC_WARN_ABOUT_RETURN_TYPE = YES_ERROR;
				GCC_WARN_UNDECLARED_SELECTOR = YES;
				GCC_WARN_UNINITIALIZED_AUTOS = YES_AGGRESSIVE;
				GCC_WARN_UNUSED_FUNCTION = YES;
				GCC_WARN_UNUSED_VARIABLE = YES;
				IPHONEOS_DEPLOYMENT_TARGET = 13.2;
				MTL_ENABLE_DEBUG_INFO = INCLUDE_SOURCE;
				MTL_FAST_MATH = YES;
				ONLY_ACTIVE_ARCH = YES;
				SDKROOT = iphoneos;
				SWIFT_ACTIVE_COMPILATION_CONDITIONS = DEBUG;
				SWIFT_OPTIMIZATION_LEVEL = "-Onone";
			};
			name = Debug;
		};
		22A7941D243E3AAB004E90B8 /* Release */ = {
			isa = XCBuildConfiguration;
			buildSettings = {
				ALWAYS_SEARCH_USER_PATHS = NO;
				CLANG_ANALYZER_NONNULL = YES;
				CLANG_ANALYZER_NUMBER_OBJECT_CONVERSION = YES_AGGRESSIVE;
				CLANG_CXX_LANGUAGE_STANDARD = "gnu++14";
				CLANG_CXX_LIBRARY = "libc++";
				CLANG_ENABLE_MODULES = YES;
				CLANG_ENABLE_OBJC_ARC = YES;
				CLANG_ENABLE_OBJC_WEAK = YES;
				CLANG_WARN_BLOCK_CAPTURE_AUTORELEASING = YES;
				CLANG_WARN_BOOL_CONVERSION = YES;
				CLANG_WARN_COMMA = YES;
				CLANG_WARN_CONSTANT_CONVERSION = YES;
				CLANG_WARN_DEPRECATED_OBJC_IMPLEMENTATIONS = YES;
				CLANG_WARN_DIRECT_OBJC_ISA_USAGE = YES_ERROR;
				CLANG_WARN_DOCUMENTATION_COMMENTS = YES;
				CLANG_WARN_EMPTY_BODY = YES;
				CLANG_WARN_ENUM_CONVERSION = YES;
				CLANG_WARN_INFINITE_RECURSION = YES;
				CLANG_WARN_INT_CONVERSION = YES;
				CLANG_WARN_NON_LITERAL_NULL_CONVERSION = YES;
				CLANG_WARN_OBJC_IMPLICIT_RETAIN_SELF = YES;
				CLANG_WARN_OBJC_LITERAL_CONVERSION = YES;
				CLANG_WARN_OBJC_ROOT_CLASS = YES_ERROR;
				CLANG_WARN_RANGE_LOOP_ANALYSIS = YES;
				CLANG_WARN_STRICT_PROTOTYPES = YES;
				CLANG_WARN_SUSPICIOUS_MOVE = YES;
				CLANG_WARN_UNGUARDED_AVAILABILITY = YES_AGGRESSIVE;
				CLANG_WARN_UNREACHABLE_CODE = YES;
				CLANG_WARN__DUPLICATE_METHOD_MATCH = YES;
				COPY_PHASE_STRIP = NO;
				DEBUG_INFORMATION_FORMAT = "dwarf-with-dsym";
				ENABLE_NS_ASSERTIONS = NO;
				ENABLE_STRICT_OBJC_MSGSEND = YES;
				GCC_C_LANGUAGE_STANDARD = gnu11;
				GCC_NO_COMMON_BLOCKS = YES;
				GCC_WARN_64_TO_32_BIT_CONVERSION = YES;
				GCC_WARN_ABOUT_RETURN_TYPE = YES_ERROR;
				GCC_WARN_UNDECLARED_SELECTOR = YES;
				GCC_WARN_UNINITIALIZED_AUTOS = YES_AGGRESSIVE;
				GCC_WARN_UNUSED_FUNCTION = YES;
				GCC_WARN_UNUSED_VARIABLE = YES;
				IPHONEOS_DEPLOYMENT_TARGET = 13.2;
				MTL_ENABLE_DEBUG_INFO = NO;
				MTL_FAST_MATH = YES;
				SDKROOT = iphoneos;
				SWIFT_COMPILATION_MODE = wholemodule;
				SWIFT_OPTIMIZATION_LEVEL = "-O";
				VALIDATE_PRODUCT = YES;
			};
			name = Release;
		};
		22A7941F243E3AAB004E90B8 /* Debug */ = {
			isa = XCBuildConfiguration;
			buildSettings = {
				ASSETCATALOG_COMPILER_APPICON_NAME = AppIcon;
				CODE_SIGN_STYLE = Automatic;
				DEVELOPMENT_TEAM = 784L7352QQ;
				INFOPLIST_FILE = BookManagement/Info.plist;
				LD_RUNPATH_SEARCH_PATHS = (
					"$(inherited)",
					"@executable_path/Frameworks",
				);
				PRODUCT_BUNDLE_IDENTIFIER = Prasad.BookManagement;
				PRODUCT_NAME = "$(TARGET_NAME)";
				SWIFT_VERSION = 5.0;
				TARGETED_DEVICE_FAMILY = "1,2";
			};
			name = Debug;
		};
		22A79420243E3AAB004E90B8 /* Release */ = {
			isa = XCBuildConfiguration;
			buildSettings = {
				ASSETCATALOG_COMPILER_APPICON_NAME = AppIcon;
				CODE_SIGN_STYLE = Automatic;
				DEVELOPMENT_TEAM = 784L7352QQ;
				INFOPLIST_FILE = BookManagement/Info.plist;
				LD_RUNPATH_SEARCH_PATHS = (
					"$(inherited)",
					"@executable_path/Frameworks",
				);
				PRODUCT_BUNDLE_IDENTIFIER = Prasad.BookManagement;
				PRODUCT_NAME = "$(TARGET_NAME)";
				SWIFT_VERSION = 5.0;
				TARGETED_DEVICE_FAMILY = "1,2";
			};
			name = Release;
		};
/* End XCBuildConfiguration section */

/* Begin XCConfigurationList section */
		22A79405243E3AA0004E90B8 /* Build configuration list for PBXProject "BookManagement" */ = {
			isa = XCConfigurationList;
			buildConfigurations = (
				22A7941C243E3AAB004E90B8 /* Debug */,
				22A7941D243E3AAB004E90B8 /* Release */,
			);
			defaultConfigurationIsVisible = 0;
			defaultConfigurationName = Release;
		};
		22A7941E243E3AAB004E90B8 /* Build configuration list for PBXNativeTarget "BookManagement" */ = {
			isa = XCConfigurationList;
			buildConfigurations = (
				22A7941F243E3AAB004E90B8 /* Debug */,
				22A79420243E3AAB004E90B8 /* Release */,
			);
			defaultConfigurationIsVisible = 0;
			defaultConfigurationName = Release;
		};
/* End XCConfigurationList section */
	};
	rootObject = 22A79402243E3AA0004E90B8 /* Project object */;
}
